
Microsoft Visual Studio Solution File, Format Version 12.00
# Visual Studio Version 17
VisualStudioVersion = 17.3.32901.215
MinimumVisualStudioVersion = 10.0.40219.1
Project("{FAE04EC0-301F-11D3-BF4B-00C04F79EFBC}") = "Lista4Exercicios", "Lista4Exercicios\Lista4Exercicios.csproj", "{22BBED75-9447-43A1-AFC4-B3AA7A32DB95}"
EndProject
Global
	GlobalSection(SolutionConfigurationPlatforms) = preSolution
		Debug|Any CPU = Debug|Any CPU
		Release|Any CPU = Release|Any CPU
	EndGlobalSection
	GlobalSection(ProjectConfigurationPlatforms) = postSolution
		{22BBED75-9447-43A1-AFC4-B3AA7A32DB95}.Debug|Any CPU.ActiveCfg = Debug|Any CPU
		{22BBED75-9447-43A1-AFC4-B3AA7A32DB95}.Debug|Any CPU.Build.0 = Debug|Any CPU
		{22BBED75-9447-43A1-AFC4-B3AA7A32DB95}.Release|Any CPU.ActiveCfg = Release|Any CPU
		{22BBED75-9447-43A1-AFC4-B3AA7A32DB95}.Release|Any CPU.Build.0 = Release|Any CPU
	EndGlobalSection
	GlobalSection(SolutionProperties) = preSolution
		HideSolutionNode = FALSE
	EndGlobalSection
	GlobalSection(ExtensibilityGlobals) = postSolution
		SolutionGuid = {FC877543-9558-49CF-BA3F-A969E0FEF0F0}
	EndGlobalSection
EndGlobal
