
Microsoft Visual Studio Solution File, Format Version 12.00
# Visual Studio Version 17
VisualStudioVersion = 17.3.32901.215
MinimumVisualStudioVersion = 10.0.40219.1
Project("{FAE04EC0-301F-11D3-BF4B-00C04F79EFBC}") = "Lista3Exercicios", "Lista3Exercicios\Lista3Exercicios.csproj", "{8BC845D9-36A6-4640-B946-5A311C49F141}"
EndProject
Global
	GlobalSection(SolutionConfigurationPlatforms) = preSolution
		Debug|Any CPU = Debug|Any CPU
		Release|Any CPU = Release|Any CPU
	EndGlobalSection
	GlobalSection(ProjectConfigurationPlatforms) = postSolution
		{8BC845D9-36A6-4640-B946-5A311C49F141}.Debug|Any CPU.ActiveCfg = Debug|Any CPU
		{8BC845D9-36A6-4640-B946-5A311C49F141}.Debug|Any CPU.Build.0 = Debug|Any CPU
		{8BC845D9-36A6-4640-B946-5A311C49F141}.Release|Any CPU.ActiveCfg = Release|Any CPU
		{8BC845D9-36A6-4640-B946-5A311C49F141}.Release|Any CPU.Build.0 = Release|Any CPU
	EndGlobalSection
	GlobalSection(SolutionProperties) = preSolution
		HideSolutionNode = FALSE
	EndGlobalSection
	GlobalSection(ExtensibilityGlobals) = postSolution
		SolutionGuid = {16CD864D-50A7-4E03-A501-CBEF2F3CD60D}
	EndGlobalSection
EndGlobal
