
Microsoft Visual Studio Solution File, Format Version 12.00
# Visual Studio Version 17
VisualStudioVersion = 17.3.32901.215
MinimumVisualStudioVersion = 10.0.40219.1
Project("{FAE04EC0-301F-11D3-BF4B-00C04F79EFBC}") = "PrimeiraAppTest", "PrimeiraAppTest\PrimeiraAppTest.csproj", "{D95695F9-C026-4DAA-9744-0C1EDDBAAA0D}"
EndProject
Global
	GlobalSection(SolutionConfigurationPlatforms) = preSolution
		Debug|Any CPU = Debug|Any CPU
		Release|Any CPU = Release|Any CPU
	EndGlobalSection
	GlobalSection(ProjectConfigurationPlatforms) = postSolution
		{D95695F9-C026-4DAA-9744-0C1EDDBAAA0D}.Debug|Any CPU.ActiveCfg = Debug|Any CPU
		{D95695F9-C026-4DAA-9744-0C1EDDBAAA0D}.Debug|Any CPU.Build.0 = Debug|Any CPU
		{D95695F9-C026-4DAA-9744-0C1EDDBAAA0D}.Release|Any CPU.ActiveCfg = Release|Any CPU
		{D95695F9-C026-4DAA-9744-0C1EDDBAAA0D}.Release|Any CPU.Build.0 = Release|Any CPU
	EndGlobalSection
	GlobalSection(SolutionProperties) = preSolution
		HideSolutionNode = FALSE
	EndGlobalSection
	GlobalSection(ExtensibilityGlobals) = postSolution
		SolutionGuid = {BD2ED5C6-B86D-4D08-BC5D-A9CD51796DC1}
	EndGlobalSection
EndGlobal
