
Microsoft Visual Studio Solution File, Format Version 12.00
# Visual Studio Version 17
VisualStudioVersion = 17.3.32901.215
MinimumVisualStudioVersion = 10.0.40219.1
Project("{FAE04EC0-301F-11D3-BF4B-00C04F79EFBC}") = "ExemploTryCatch", "ExemploTryCatch\ExemploTryCatch.csproj", "{12E375CC-9F98-49D1-87FE-5ECD19DB3AC9}"
EndProject
Global
	GlobalSection(SolutionConfigurationPlatforms) = preSolution
		Debug|Any CPU = Debug|Any CPU
		Release|Any CPU = Release|Any CPU
	EndGlobalSection
	GlobalSection(ProjectConfigurationPlatforms) = postSolution
		{12E375CC-9F98-49D1-87FE-5ECD19DB3AC9}.Debug|Any CPU.ActiveCfg = Debug|Any CPU
		{12E375CC-9F98-49D1-87FE-5ECD19DB3AC9}.Debug|Any CPU.Build.0 = Debug|Any CPU
		{12E375CC-9F98-49D1-87FE-5ECD19DB3AC9}.Release|Any CPU.ActiveCfg = Release|Any CPU
		{12E375CC-9F98-49D1-87FE-5ECD19DB3AC9}.Release|Any CPU.Build.0 = Release|Any CPU
	EndGlobalSection
	GlobalSection(SolutionProperties) = preSolution
		HideSolutionNode = FALSE
	EndGlobalSection
	GlobalSection(ExtensibilityGlobals) = postSolution
		SolutionGuid = {77C4860E-1475-4263-9C78-BBB578DABD9B}
	EndGlobalSection
EndGlobal
