
Microsoft Visual Studio Solution File, Format Version 12.00
# Visual Studio Version 17
VisualStudioVersion = 17.4.33122.133
MinimumVisualStudioVersion = 10.0.40219.1
Project("{FAE04EC0-301F-11D3-BF4B-00C04F79EFBC}") = "GerenciadorEventos", "GerenciadorEventos\GerenciadorEventos.csproj", "{F756FC58-DB91-455E-AD35-5C2E7EAFBD5B}"
EndProject
Global
	GlobalSection(SolutionConfigurationPlatforms) = preSolution
		Debug|Any CPU = Debug|Any CPU
		Release|Any CPU = Release|Any CPU
	EndGlobalSection
	GlobalSection(ProjectConfigurationPlatforms) = postSolution
		{F756FC58-DB91-455E-AD35-5C2E7EAFBD5B}.Debug|Any CPU.ActiveCfg = Debug|Any CPU
		{F756FC58-DB91-455E-AD35-5C2E7EAFBD5B}.Debug|Any CPU.Build.0 = Debug|Any CPU
		{F756FC58-DB91-455E-AD35-5C2E7EAFBD5B}.Release|Any CPU.ActiveCfg = Release|Any CPU
		{F756FC58-DB91-455E-AD35-5C2E7EAFBD5B}.Release|Any CPU.Build.0 = Release|Any CPU
	EndGlobalSection
	GlobalSection(SolutionProperties) = preSolution
		HideSolutionNode = FALSE
	EndGlobalSection
	GlobalSection(ExtensibilityGlobals) = postSolution
		SolutionGuid = {3DAFE1B2-081B-48E1-8C3A-B1281B207B46}
	EndGlobalSection
EndGlobal
