
Microsoft Visual Studio Solution File, Format Version 12.00
# Visual Studio Version 17
VisualStudioVersion = 17.3.32901.215
MinimumVisualStudioVersion = 10.0.40219.1
Project("{FAE04EC0-301F-11D3-BF4B-00C04F79EFBC}") = "AppRestApi2", "AppRestApi2\AppRestApi2.csproj", "{33D2821A-72A0-4A0C-BAB5-5BBF6A665A5E}"
EndProject
Global
	GlobalSection(SolutionConfigurationPlatforms) = preSolution
		Debug|Any CPU = Debug|Any CPU
		Release|Any CPU = Release|Any CPU
	EndGlobalSection
	GlobalSection(ProjectConfigurationPlatforms) = postSolution
		{33D2821A-72A0-4A0C-BAB5-5BBF6A665A5E}.Debug|Any CPU.ActiveCfg = Debug|Any CPU
		{33D2821A-72A0-4A0C-BAB5-5BBF6A665A5E}.Debug|Any CPU.Build.0 = Debug|Any CPU
		{33D2821A-72A0-4A0C-BAB5-5BBF6A665A5E}.Release|Any CPU.ActiveCfg = Release|Any CPU
		{33D2821A-72A0-4A0C-BAB5-5BBF6A665A5E}.Release|Any CPU.Build.0 = Release|Any CPU
	EndGlobalSection
	GlobalSection(SolutionProperties) = preSolution
		HideSolutionNode = FALSE
	EndGlobalSection
	GlobalSection(ExtensibilityGlobals) = postSolution
		SolutionGuid = {00F09AD8-8499-4DD7-8212-A78B528A66CF}
	EndGlobalSection
EndGlobal
