
Microsoft Visual Studio Solution File, Format Version 12.00
# Visual Studio Version 17
VisualStudioVersion = 17.3.32901.215
MinimumVisualStudioVersion = 10.0.40219.1
Project("{FAE04EC0-301F-11D3-BF4B-00C04F79EFBC}") = "Exercicios", "Exercicios\Exercicios.csproj", "{736F7A5E-951C-4AD2-AAB0-A42F2B91E8E0}"
EndProject
Global
	GlobalSection(SolutionConfigurationPlatforms) = preSolution
		Debug|Any CPU = Debug|Any CPU
		Release|Any CPU = Release|Any CPU
	EndGlobalSection
	GlobalSection(ProjectConfigurationPlatforms) = postSolution
		{736F7A5E-951C-4AD2-AAB0-A42F2B91E8E0}.Debug|Any CPU.ActiveCfg = Debug|Any CPU
		{736F7A5E-951C-4AD2-AAB0-A42F2B91E8E0}.Debug|Any CPU.Build.0 = Debug|Any CPU
		{736F7A5E-951C-4AD2-AAB0-A42F2B91E8E0}.Release|Any CPU.ActiveCfg = Release|Any CPU
		{736F7A5E-951C-4AD2-AAB0-A42F2B91E8E0}.Release|Any CPU.Build.0 = Release|Any CPU
	EndGlobalSection
	GlobalSection(SolutionProperties) = preSolution
		HideSolutionNode = FALSE
	EndGlobalSection
	GlobalSection(ExtensibilityGlobals) = postSolution
		SolutionGuid = {D8A4040B-BB77-432C-9BBC-27343C4F3BB2}
	EndGlobalSection
EndGlobal
